
Microsoft Visual Studio Solution File, Format Version 12.00
Project("{FAE04EC0-301F-11D3-BF4B-00C04F79EFBC}") = "Jeu_du_Pendu", "Jeu_du_Pendu\Jeu_du_Pendu.csproj", "{D3F26B78-C9CF-49F7-8341-98A3D901C9BD}"
EndProject
Global
	GlobalSection(SolutionConfigurationPlatforms) = preSolution
		Debug|Any CPU = Debug|Any CPU
		Release|Any CPU = Release|Any CPU
	EndGlobalSection
	GlobalSection(ProjectConfigurationPlatforms) = postSolution
		{D3F26B78-C9CF-49F7-8341-98A3D901C9BD}.Debug|Any CPU.ActiveCfg = Debug|Any CPU
		{D3F26B78-C9CF-49F7-8341-98A3D901C9BD}.Debug|Any CPU.Build.0 = Debug|Any CPU
		{D3F26B78-C9CF-49F7-8341-98A3D901C9BD}.Release|Any CPU.ActiveCfg = Release|Any CPU
		{D3F26B78-C9CF-49F7-8341-98A3D901C9BD}.Release|Any CPU.Build.0 = Release|Any CPU
	EndGlobalSection
EndGlobal
